
Microsoft Visual Studio Solution File, Format Version 12.00
# Visual Studio Version 17
VisualStudioVersion = 17.5.33424.131
MinimumVisualStudioVersion = 10.0.40219.1
Project("{8BC9CEB8-8B4A-11D0-8D11-00A0C91BC942}") = "Lab_12.2.rec", "Lab_12.2.rec\Lab_12.2.rec.vcxproj", "{5DA5F8C7-2C5B-4787-9A5B-A74FC737182E}"
EndProject
Project("{8BC9CEB8-8B4A-11D0-8D11-00A0C91BC942}") = "UnitTest12_2.rec", "UnitTest12_2.rec\UnitTest12_2.rec.vcxproj", "{CA4C3470-2626-48B6-BCB2-68C4D6403632}"
EndProject
Global
	GlobalSection(SolutionConfigurationPlatforms) = preSolution
		Debug|x64 = Debug|x64
		Debug|x86 = Debug|x86
		Release|x64 = Release|x64
		Release|x86 = Release|x86
	EndGlobalSection
	GlobalSection(ProjectConfigurationPlatforms) = postSolution
		{5DA5F8C7-2C5B-4787-9A5B-A74FC737182E}.Debug|x64.ActiveCfg = Debug|x64
		{5DA5F8C7-2C5B-4787-9A5B-A74FC737182E}.Debug|x64.Build.0 = Debug|x64
		{5DA5F8C7-2C5B-4787-9A5B-A74FC737182E}.Debug|x86.ActiveCfg = Debug|Win32
		{5DA5F8C7-2C5B-4787-9A5B-A74FC737182E}.Debug|x86.Build.0 = Debug|Win32
		{5DA5F8C7-2C5B-4787-9A5B-A74FC737182E}.Release|x64.ActiveCfg = Release|x64
		{5DA5F8C7-2C5B-4787-9A5B-A74FC737182E}.Release|x64.Build.0 = Release|x64
		{5DA5F8C7-2C5B-4787-9A5B-A74FC737182E}.Release|x86.ActiveCfg = Release|Win32
		{5DA5F8C7-2C5B-4787-9A5B-A74FC737182E}.Release|x86.Build.0 = Release|Win32
		{CA4C3470-2626-48B6-BCB2-68C4D6403632}.Debug|x64.ActiveCfg = Debug|x64
		{CA4C3470-2626-48B6-BCB2-68C4D6403632}.Debug|x64.Build.0 = Debug|x64
		{CA4C3470-2626-48B6-BCB2-68C4D6403632}.Debug|x86.ActiveCfg = Debug|Win32
		{CA4C3470-2626-48B6-BCB2-68C4D6403632}.Debug|x86.Build.0 = Debug|Win32
		{CA4C3470-2626-48B6-BCB2-68C4D6403632}.Release|x64.ActiveCfg = Release|x64
		{CA4C3470-2626-48B6-BCB2-68C4D6403632}.Release|x64.Build.0 = Release|x64
		{CA4C3470-2626-48B6-BCB2-68C4D6403632}.Release|x86.ActiveCfg = Release|Win32
		{CA4C3470-2626-48B6-BCB2-68C4D6403632}.Release|x86.Build.0 = Release|Win32
	EndGlobalSection
	GlobalSection(SolutionProperties) = preSolution
		HideSolutionNode = FALSE
	EndGlobalSection
	GlobalSection(ExtensibilityGlobals) = postSolution
		SolutionGuid = {E982433D-F1A1-4CCA-9E16-199023AF24FA}
	EndGlobalSection
EndGlobal
